version = 1
revision = 3
requires-python = ">=3.14"

[[package]]
name = "dunamai"
version = "1.26.1"
source = { registry = "https://pypi.org/simple" }
dependencies = [
    { name = "packaging" },
]
sdist = { url = "https://files.pythonhosted.org/packages/9f/67/d5611975faaa5e4a920f4b19e4caccd5df0facb925687850f1e45f5876f2/dunamai-1.26.1.tar.gz", hash = "sha256:3b46007bd65b00b4824ead0a1aee365fd22d0ec2b9c219497d4fd48f52860c8b", size = 45567, upload-time = "2026-04-04T14:07:11.17Z" }
wheels = [
    { url = "https://files.pythonhosted.org/packages/fa/bc/8b8ec5a4bfc5b9cf3ce27a118339e994f88410be5677c96493e0ea28e76d/dunamai-1.26.1-py3-none-any.whl", hash = "sha256:2727d939c5b4257cb01ea404372803b477f5176e5a347c43beaf89cd5072e853", size = 27332, upload-time = "2026-04-04T14:07:10.079Z" },
]

[[package]]
name = "packaging"
version = "26.0"
source = { registry = "https://pypi.org/simple" }
sdist = { url = "https://files.pythonhosted.org/packages/65/ee/299d360cdc32edc7d2cf530f3accf79c4fca01e96ffc950d8a52213bd8e4/packaging-26.0.tar.gz", hash = "sha256:00243ae351a257117b6a241061796684b084ed1c516a08c48a3f7e147a9d80b4", size = 143416, upload-time = "2026-01-21T20:50:39.064Z" }
wheels = [
    { url = "https://files.pythonhosted.org/packages/b7/b9/c538f279a4e237a006a2c98387d081e9eb060d203d8ed34467cc0f0b9b53/packaging-26.0-py3-none-any.whl", hash = "sha256:b36f1fef9334a5588b4166f8bcd26a14e521f2b55e6b9de3aaa80d3ff7a37529", size = 74366, upload-time = "2026-01-21T20:50:37.788Z" },
]

[[package]]
name = "xarter"
version = "0.1.0"
source = { virtual = "." }
dependencies = [
    { name = "dunamai" },
]

[package.metadata]
requires-dist = [{ name = "dunamai", specifier = ">=1.26.1" }]
